
Microsoft Visual Studio Solution File, Format Version 12.00
# Visual Studio Version 17
VisualStudioVersion = 17.2.32616.157
MinimumVisualStudioVersion = 10.0.40219.1
Project("{FAE04EC0-301F-11D3-BF4B-00C04F79EFBC}") = "ProjetoBancario", "ProjetoBancario\ProjetoBancario.csproj", "{FC444F9F-0AF7-484D-88B5-D10A9CE6EDC0}"
EndProject
Global
	GlobalSection(SolutionConfigurationPlatforms) = preSolution
		Debug|Any CPU = Debug|Any CPU
		Release|Any CPU = Release|Any CPU
	EndGlobalSection
	GlobalSection(ProjectConfigurationPlatforms) = postSolution
		{FC444F9F-0AF7-484D-88B5-D10A9CE6EDC0}.Debug|Any CPU.ActiveCfg = Debug|Any CPU
		{FC444F9F-0AF7-484D-88B5-D10A9CE6EDC0}.Debug|Any CPU.Build.0 = Debug|Any CPU
		{FC444F9F-0AF7-484D-88B5-D10A9CE6EDC0}.Release|Any CPU.ActiveCfg = Release|Any CPU
		{FC444F9F-0AF7-484D-88B5-D10A9CE6EDC0}.Release|Any CPU.Build.0 = Release|Any CPU
	EndGlobalSection
	GlobalSection(SolutionProperties) = preSolution
		HideSolutionNode = FALSE
	EndGlobalSection
	GlobalSection(ExtensibilityGlobals) = postSolution
		SolutionGuid = {B80E8C16-1F08-44D1-9BAA-E88D874A9F49}
	EndGlobalSection
EndGlobal
